
Microsoft Visual Studio Solution File, Format Version 12.00
# Visual Studio Version 17
VisualStudioVersion = 17.9.34701.34
MinimumVisualStudioVersion = 10.0.40219.1
Project("{FAE04EC0-301F-11D3-BF4B-00C04F79EFBC}") = "EntityFramework", "EntityFramework\EntityFramework.csproj", "{C6468B21-D7E8-45A6-B3A6-63EB7F09B8C0}"
EndProject
Project("{FAE04EC0-301F-11D3-BF4B-00C04F79EFBC}") = "Store.Data", "Store.Data\Store.Data.csproj", "{B515E635-6ECA-49E3-8506-94D37ED1CC08}"
EndProject
Project("{FAE04EC0-301F-11D3-BF4B-00C04F79EFBC}") = "Store.Core", "Store.Core\Store.Core.csproj", "{F5A54564-D819-4FDE-9B2D-C15110CEB9F1}"
EndProject
Global
	GlobalSection(SolutionConfigurationPlatforms) = preSolution
		Debug|Any CPU = Debug|Any CPU
		Release|Any CPU = Release|Any CPU
	EndGlobalSection
	GlobalSection(ProjectConfigurationPlatforms) = postSolution
		{C6468B21-D7E8-45A6-B3A6-63EB7F09B8C0}.Debug|Any CPU.ActiveCfg = Debug|Any CPU
		{C6468B21-D7E8-45A6-B3A6-63EB7F09B8C0}.Debug|Any CPU.Build.0 = Debug|Any CPU
		{C6468B21-D7E8-45A6-B3A6-63EB7F09B8C0}.Release|Any CPU.ActiveCfg = Release|Any CPU
		{C6468B21-D7E8-45A6-B3A6-63EB7F09B8C0}.Release|Any CPU.Build.0 = Release|Any CPU
		{B515E635-6ECA-49E3-8506-94D37ED1CC08}.Debug|Any CPU.ActiveCfg = Debug|Any CPU
		{B515E635-6ECA-49E3-8506-94D37ED1CC08}.Debug|Any CPU.Build.0 = Debug|Any CPU
		{B515E635-6ECA-49E3-8506-94D37ED1CC08}.Release|Any CPU.ActiveCfg = Release|Any CPU
		{B515E635-6ECA-49E3-8506-94D37ED1CC08}.Release|Any CPU.Build.0 = Release|Any CPU
		{F5A54564-D819-4FDE-9B2D-C15110CEB9F1}.Debug|Any CPU.ActiveCfg = Debug|Any CPU
		{F5A54564-D819-4FDE-9B2D-C15110CEB9F1}.Debug|Any CPU.Build.0 = Debug|Any CPU
		{F5A54564-D819-4FDE-9B2D-C15110CEB9F1}.Release|Any CPU.ActiveCfg = Release|Any CPU
		{F5A54564-D819-4FDE-9B2D-C15110CEB9F1}.Release|Any CPU.Build.0 = Release|Any CPU
	EndGlobalSection
	GlobalSection(SolutionProperties) = preSolution
		HideSolutionNode = FALSE
	EndGlobalSection
	GlobalSection(ExtensibilityGlobals) = postSolution
		SolutionGuid = {0EEF33CF-827B-4DD6-9DE8-01E4B3158BBD}
	EndGlobalSection
EndGlobal
